
Microsoft Visual Studio Solution File, Format Version 12.00
# Visual Studio 15
VisualStudioVersion = 15.0.28307.421
MinimumVisualStudioVersion = 10.0.40219.1
Project("{9A19103F-16F7-4668-BE54-9A1E7A4F7556}") = "TicketMVC", "TicketMVC.csproj", "{3F1FDACD-A21E-43EC-B5FC-37A1541FFCC1}"
EndProject
Global
	GlobalSection(SolutionConfigurationPlatforms) = preSolution
		Debug|Any CPU = Debug|Any CPU
		Release|Any CPU = Release|Any CPU
	EndGlobalSection
	GlobalSection(ProjectConfigurationPlatforms) = postSolution
		{3F1FDACD-A21E-43EC-B5FC-37A1541FFCC1}.Debug|Any CPU.ActiveCfg = Debug|Any CPU
		{3F1FDACD-A21E-43EC-B5FC-37A1541FFCC1}.Debug|Any CPU.Build.0 = Debug|Any CPU
		{3F1FDACD-A21E-43EC-B5FC-37A1541FFCC1}.Release|Any CPU.ActiveCfg = Release|Any CPU
		{3F1FDACD-A21E-43EC-B5FC-37A1541FFCC1}.Release|Any CPU.Build.0 = Release|Any CPU
	EndGlobalSection
	GlobalSection(SolutionProperties) = preSolution
		HideSolutionNode = FALSE
	EndGlobalSection
	GlobalSection(ExtensibilityGlobals) = postSolution
		SolutionGuid = {EC64990E-08FA-452F-B467-F3764C0A632C}
	EndGlobalSection
EndGlobal
